
Microsoft Visual Studio Solution File, Format Version 12.00
# Visual Studio Version 16
VisualStudioVersion = 16.0.28803.352
MinimumVisualStudioVersion = 10.0.40219.1
Project("{FAE04EC0-301F-11D3-BF4B-00C04F79EFBC}") = "FarePredictor", "FarePredictor\FarePredictor.csproj", "{5D8F2C69-74BE-4E4A-A864-8A3739D510F1}"
EndProject
Global
	GlobalSection(SolutionConfigurationPlatforms) = preSolution
		Debug|Any CPU = Debug|Any CPU
		Release|Any CPU = Release|Any CPU
	EndGlobalSection
	GlobalSection(ProjectConfigurationPlatforms) = postSolution
		{5D8F2C69-74BE-4E4A-A864-8A3739D510F1}.Debug|Any CPU.ActiveCfg = Debug|Any CPU
		{5D8F2C69-74BE-4E4A-A864-8A3739D510F1}.Debug|Any CPU.Build.0 = Debug|Any CPU
		{5D8F2C69-74BE-4E4A-A864-8A3739D510F1}.Release|Any CPU.ActiveCfg = Release|Any CPU
		{5D8F2C69-74BE-4E4A-A864-8A3739D510F1}.Release|Any CPU.Build.0 = Release|Any CPU
	EndGlobalSection
	GlobalSection(SolutionProperties) = preSolution
		HideSolutionNode = FALSE
	EndGlobalSection
	GlobalSection(ExtensibilityGlobals) = postSolution
		SolutionGuid = {A81FA718-029C-4DCE-973D-28E79E7FD445}
	EndGlobalSection
EndGlobal
